{
  "object": {
    "pins": [
      {
        "package": "RxFlow",
        "repositoryURL": "https://github.com/RxSwiftCommunity/RxFlow.git",
        "state": {
          "branch": null,
          "revision": "31557fa4a216387134c93db14130dfc45574b67d",
          "version": "2.9.0"
        }
      },
      {
        "package": "RxSwift",
        "repositoryURL": "https://github.com/ReactiveX/RxSwift.git",
        "state": {
          "branch": null,
          "revision": "002d325b0bdee94e7882e1114af5ff4fe1e96afa",
          "version": "5.1.1"
        }
      },
      {
        "package": "StanWoodCore",
        "repositoryURL": "https://github.com/iaminh/Stanwood_Core_iOS",
        "state": {
          "branch": null,
          "revision": "c47d6fce321aff5078fcb4b5190b148cbaa98f45",
          "version": "1.7.0"
        }
      }
    ]
  },
  "version": 1
}
